
Microsoft Visual Studio Solution File, Format Version 12.00
# Visual Studio 14
VisualStudioVersion = 14.0.25123.0
MinimumVisualStudioVersion = 10.0.40219.1
Project("{FAE04EC0-301F-11D3-BF4B-00C04F79EFBC}") = "TopicBot", "TopicBot\TopicBot.csproj", "{1F3EAAAD-02AD-440C-B3FE-06B0907C7AED}"
EndProject
Project("{2150E333-8FDC-42A3-9474-1A3956D46DE8}") = "Executable", "Executable", "{523D9B70-5AC5-40D0-AEC5-E62CF840A187}"
EndProject
Project("{2150E333-8FDC-42A3-9474-1A3956D46DE8}") = "CrossCutting", "CrossCutting", "{C67B7F33-18A1-4E63-8EEF-5E97D0F6AF33}"
EndProject
Project("{2150E333-8FDC-42A3-9474-1A3956D46DE8}") = "DAL", "DAL", "{717FD39A-5139-48D8-BC84-E71D0A661C2F}"
EndProject
Project("{2150E333-8FDC-42A3-9474-1A3956D46DE8}") = "BLL", "BLL", "{44C98CFF-FCC2-4CEE-8919-50ACC8DDC125}"
EndProject
Project("{FAE04EC0-301F-11D3-BF4B-00C04F79EFBC}") = "Logging.Contracts", "Logging.Contracts\Logging.Contracts.csproj", "{B6612A42-0424-458F-8EF6-E0DAD2744BDF}"
EndProject
Project("{FAE04EC0-301F-11D3-BF4B-00C04F79EFBC}") = "Configuration.Contracts", "Configuration.Contracts\Configuration.Contracts.csproj", "{8FB4B46A-C655-4F09-A6D2-68D7FAF86B50}"
EndProject
Project("{2150E333-8FDC-42A3-9474-1A3956D46DE8}") = "External Libraries", "External Libraries", "{146C73C1-7D1D-4811-9EAC-D0FB460DBCD7}"
EndProject
Project("{FAE04EC0-301F-11D3-BF4B-00C04F79EFBC}") = "Messaging.Contracts", "Messaging.Contracts\Messaging.Contracts.csproj", "{9A889AA4-0A88-476A-857F-25949D09C7E3}"
EndProject
Project("{FAE04EC0-301F-11D3-BF4B-00C04F79EFBC}") = "IrcMessaging", "IrcMessaging\IrcMessaging.csproj", "{351AF35A-9932-4E82-B47B-9EFA9917B70F}"
EndProject
Project("{FAE04EC0-301F-11D3-BF4B-00C04F79EFBC}") = "Configuration", "Configuration\Configuration.csproj", "{785B531A-1D2A-4DC0-8510-D22AA570894C}"
EndProject
Project("{FAE04EC0-301F-11D3-BF4B-00C04F79EFBC}") = "DIMappings", "DIMappings\DIMappings.csproj", "{076426F2-CE70-4823-B373-547E3D6DAC28}"
EndProject
Project("{FAE04EC0-301F-11D3-BF4B-00C04F79EFBC}") = "TopicBotBehaviour", "TopicBotBehaviour\TopicBotBehaviour.csproj", "{CA7E5355-4A63-4BD3-BCEF-67F6BE1CCA1E}"
EndProject
Project("{FAE04EC0-301F-11D3-BF4B-00C04F79EFBC}") = "BotBehaviour.Contracts", "BotBehaviour.Contracts\BotBehaviour.Contracts.csproj", "{39034B5B-1385-47AA-B0E1-353B19EE736F}"
EndProject
Project("{FAE04EC0-301F-11D3-BF4B-00C04F79EFBC}") = "TopicBotBehaviourTest", "TopicBotBehaviourTest\TopicBotBehaviourTest.csproj", "{82B05F0B-C0D2-4908-AB0E-1D5E57FC4673}"
EndProject
Project("{2150E333-8FDC-42A3-9474-1A3956D46DE8}") = "Solution Items", "Solution Items", "{27550588-56D0-4CB9-973E-4136A088349B}"
	ProjectSection(SolutionItems) = preProject
		.gitignore = .gitignore
		paket-install.bat = paket-install.bat
		paket-update.bat = paket-update.bat
		.paket\paket.bootstrapper.exe = .paket\paket.bootstrapper.exe
		paket.dependencies = paket.dependencies
		TODO.md = TODO.md
	EndProjectSection
EndProject
Project("{FAE04EC0-301F-11D3-BF4B-00C04F79EFBC}") = "Logging", "Logging\Logging.csproj", "{9176D03F-3F50-4E7A-BF2F-C44ECB6D3092}"
EndProject
Project("{FAE04EC0-301F-11D3-BF4B-00C04F79EFBC}") = "IrcBotService", "IrcBotService\IrcBotService.csproj", "{7E5CDC8E-BE20-4467-B1FB-FB3F0D458B2E}"
EndProject
Global
	GlobalSection(SolutionConfigurationPlatforms) = preSolution
		Debug|Any CPU = Debug|Any CPU
		Release|Any CPU = Release|Any CPU
	EndGlobalSection
	GlobalSection(ProjectConfigurationPlatforms) = postSolution
		{1F3EAAAD-02AD-440C-B3FE-06B0907C7AED}.Debug|Any CPU.ActiveCfg = Debug|Any CPU
		{1F3EAAAD-02AD-440C-B3FE-06B0907C7AED}.Debug|Any CPU.Build.0 = Debug|Any CPU
		{1F3EAAAD-02AD-440C-B3FE-06B0907C7AED}.Release|Any CPU.ActiveCfg = Release|Any CPU
		{1F3EAAAD-02AD-440C-B3FE-06B0907C7AED}.Release|Any CPU.Build.0 = Release|Any CPU
		{B6612A42-0424-458F-8EF6-E0DAD2744BDF}.Debug|Any CPU.ActiveCfg = Debug|Any CPU
		{B6612A42-0424-458F-8EF6-E0DAD2744BDF}.Debug|Any CPU.Build.0 = Debug|Any CPU
		{B6612A42-0424-458F-8EF6-E0DAD2744BDF}.Release|Any CPU.ActiveCfg = Release|Any CPU
		{B6612A42-0424-458F-8EF6-E0DAD2744BDF}.Release|Any CPU.Build.0 = Release|Any CPU
		{8FB4B46A-C655-4F09-A6D2-68D7FAF86B50}.Debug|Any CPU.ActiveCfg = Debug|Any CPU
		{8FB4B46A-C655-4F09-A6D2-68D7FAF86B50}.Debug|Any CPU.Build.0 = Debug|Any CPU
		{8FB4B46A-C655-4F09-A6D2-68D7FAF86B50}.Release|Any CPU.ActiveCfg = Release|Any CPU
		{8FB4B46A-C655-4F09-A6D2-68D7FAF86B50}.Release|Any CPU.Build.0 = Release|Any CPU
		{9A889AA4-0A88-476A-857F-25949D09C7E3}.Debug|Any CPU.ActiveCfg = Debug|Any CPU
		{9A889AA4-0A88-476A-857F-25949D09C7E3}.Debug|Any CPU.Build.0 = Debug|Any CPU
		{9A889AA4-0A88-476A-857F-25949D09C7E3}.Release|Any CPU.ActiveCfg = Release|Any CPU
		{9A889AA4-0A88-476A-857F-25949D09C7E3}.Release|Any CPU.Build.0 = Release|Any CPU
		{351AF35A-9932-4E82-B47B-9EFA9917B70F}.Debug|Any CPU.ActiveCfg = Debug|Any CPU
		{351AF35A-9932-4E82-B47B-9EFA9917B70F}.Debug|Any CPU.Build.0 = Debug|Any CPU
		{351AF35A-9932-4E82-B47B-9EFA9917B70F}.Release|Any CPU.ActiveCfg = Release|Any CPU
		{351AF35A-9932-4E82-B47B-9EFA9917B70F}.Release|Any CPU.Build.0 = Release|Any CPU
		{785B531A-1D2A-4DC0-8510-D22AA570894C}.Debug|Any CPU.ActiveCfg = Debug|Any CPU
		{785B531A-1D2A-4DC0-8510-D22AA570894C}.Debug|Any CPU.Build.0 = Debug|Any CPU
		{785B531A-1D2A-4DC0-8510-D22AA570894C}.Release|Any CPU.ActiveCfg = Release|Any CPU
		{785B531A-1D2A-4DC0-8510-D22AA570894C}.Release|Any CPU.Build.0 = Release|Any CPU
		{076426F2-CE70-4823-B373-547E3D6DAC28}.Debug|Any CPU.ActiveCfg = Debug|Any CPU
		{076426F2-CE70-4823-B373-547E3D6DAC28}.Debug|Any CPU.Build.0 = Debug|Any CPU
		{076426F2-CE70-4823-B373-547E3D6DAC28}.Release|Any CPU.ActiveCfg = Release|Any CPU
		{076426F2-CE70-4823-B373-547E3D6DAC28}.Release|Any CPU.Build.0 = Release|Any CPU
		{CA7E5355-4A63-4BD3-BCEF-67F6BE1CCA1E}.Debug|Any CPU.ActiveCfg = Debug|Any CPU
		{CA7E5355-4A63-4BD3-BCEF-67F6BE1CCA1E}.Debug|Any CPU.Build.0 = Debug|Any CPU
		{CA7E5355-4A63-4BD3-BCEF-67F6BE1CCA1E}.Release|Any CPU.ActiveCfg = Release|Any CPU
		{CA7E5355-4A63-4BD3-BCEF-67F6BE1CCA1E}.Release|Any CPU.Build.0 = Release|Any CPU
		{39034B5B-1385-47AA-B0E1-353B19EE736F}.Debug|Any CPU.ActiveCfg = Debug|Any CPU
		{39034B5B-1385-47AA-B0E1-353B19EE736F}.Debug|Any CPU.Build.0 = Debug|Any CPU
		{39034B5B-1385-47AA-B0E1-353B19EE736F}.Release|Any CPU.ActiveCfg = Release|Any CPU
		{39034B5B-1385-47AA-B0E1-353B19EE736F}.Release|Any CPU.Build.0 = Release|Any CPU
		{82B05F0B-C0D2-4908-AB0E-1D5E57FC4673}.Debug|Any CPU.ActiveCfg = Debug|Any CPU
		{82B05F0B-C0D2-4908-AB0E-1D5E57FC4673}.Debug|Any CPU.Build.0 = Debug|Any CPU
		{82B05F0B-C0D2-4908-AB0E-1D5E57FC4673}.Release|Any CPU.ActiveCfg = Release|Any CPU
		{82B05F0B-C0D2-4908-AB0E-1D5E57FC4673}.Release|Any CPU.Build.0 = Release|Any CPU
		{9176D03F-3F50-4E7A-BF2F-C44ECB6D3092}.Debug|Any CPU.ActiveCfg = Debug|Any CPU
		{9176D03F-3F50-4E7A-BF2F-C44ECB6D3092}.Debug|Any CPU.Build.0 = Debug|Any CPU
		{9176D03F-3F50-4E7A-BF2F-C44ECB6D3092}.Release|Any CPU.ActiveCfg = Release|Any CPU
		{9176D03F-3F50-4E7A-BF2F-C44ECB6D3092}.Release|Any CPU.Build.0 = Release|Any CPU
		{7E5CDC8E-BE20-4467-B1FB-FB3F0D458B2E}.Debug|Any CPU.ActiveCfg = Debug|Any CPU
		{7E5CDC8E-BE20-4467-B1FB-FB3F0D458B2E}.Debug|Any CPU.Build.0 = Debug|Any CPU
		{7E5CDC8E-BE20-4467-B1FB-FB3F0D458B2E}.Release|Any CPU.ActiveCfg = Release|Any CPU
		{7E5CDC8E-BE20-4467-B1FB-FB3F0D458B2E}.Release|Any CPU.Build.0 = Release|Any CPU
	EndGlobalSection
	GlobalSection(SolutionProperties) = preSolution
		HideSolutionNode = FALSE
	EndGlobalSection
	GlobalSection(NestedProjects) = preSolution
		{1F3EAAAD-02AD-440C-B3FE-06B0907C7AED} = {523D9B70-5AC5-40D0-AEC5-E62CF840A187}
		{B6612A42-0424-458F-8EF6-E0DAD2744BDF} = {C67B7F33-18A1-4E63-8EEF-5E97D0F6AF33}
		{8FB4B46A-C655-4F09-A6D2-68D7FAF86B50} = {C67B7F33-18A1-4E63-8EEF-5E97D0F6AF33}
		{9A889AA4-0A88-476A-857F-25949D09C7E3} = {717FD39A-5139-48D8-BC84-E71D0A661C2F}
		{351AF35A-9932-4E82-B47B-9EFA9917B70F} = {717FD39A-5139-48D8-BC84-E71D0A661C2F}
		{785B531A-1D2A-4DC0-8510-D22AA570894C} = {C67B7F33-18A1-4E63-8EEF-5E97D0F6AF33}
		{CA7E5355-4A63-4BD3-BCEF-67F6BE1CCA1E} = {44C98CFF-FCC2-4CEE-8919-50ACC8DDC125}
		{39034B5B-1385-47AA-B0E1-353B19EE736F} = {44C98CFF-FCC2-4CEE-8919-50ACC8DDC125}
		{82B05F0B-C0D2-4908-AB0E-1D5E57FC4673} = {44C98CFF-FCC2-4CEE-8919-50ACC8DDC125}
		{9176D03F-3F50-4E7A-BF2F-C44ECB6D3092} = {C67B7F33-18A1-4E63-8EEF-5E97D0F6AF33}
		{7E5CDC8E-BE20-4467-B1FB-FB3F0D458B2E} = {523D9B70-5AC5-40D0-AEC5-E62CF840A187}
	EndGlobalSection
	GlobalSection(ExtensibilityGlobals) = postSolution
		VD_Solution = <?xml version="1.0" encoding="utf-16"?>|§r|§n<DocumentsSolution xmlns:xsi="http://www.w3.org/2001/XMLSchema-instance" xmlns:xsd="http://www.w3.org/2001/XMLSchema">|§r|§n  <m_persistedPinnedDocumentGroupLabels />|§r|§n</DocumentsSolution>
	EndGlobalSection
EndGlobal
